
Microsoft Visual Studio Solution File, Format Version 12.00
# Visual Studio 15
VisualStudioVersion = 15.0.28307.2092
MinimumVisualStudioVersion = 10.0.40219.1
Project("{8BC9CEB8-8B4A-11D0-8D11-00A0C91BC942}") = "2.27", "2.27\2.27.vcxproj", "{D003F4DD-AFE3-40DA-98F9-C743AC00F893}"
EndProject
Global
	GlobalSection(SolutionConfigurationPlatforms) = preSolution
		Debug|x64 = Debug|x64
		Debug|x86 = Debug|x86
		Release|x64 = Release|x64
		Release|x86 = Release|x86
	EndGlobalSection
	GlobalSection(ProjectConfigurationPlatforms) = postSolution
		{D003F4DD-AFE3-40DA-98F9-C743AC00F893}.Debug|x64.ActiveCfg = Debug|x64
		{D003F4DD-AFE3-40DA-98F9-C743AC00F893}.Debug|x64.Build.0 = Debug|x64
		{D003F4DD-AFE3-40DA-98F9-C743AC00F893}.Debug|x86.ActiveCfg = Debug|Win32
		{D003F4DD-AFE3-40DA-98F9-C743AC00F893}.Debug|x86.Build.0 = Debug|Win32
		{D003F4DD-AFE3-40DA-98F9-C743AC00F893}.Release|x64.ActiveCfg = Release|x64
		{D003F4DD-AFE3-40DA-98F9-C743AC00F893}.Release|x64.Build.0 = Release|x64
		{D003F4DD-AFE3-40DA-98F9-C743AC00F893}.Release|x86.ActiveCfg = Release|Win32
		{D003F4DD-AFE3-40DA-98F9-C743AC00F893}.Release|x86.Build.0 = Release|Win32
	EndGlobalSection
	GlobalSection(SolutionProperties) = preSolution
		HideSolutionNode = FALSE
	EndGlobalSection
	GlobalSection(ExtensibilityGlobals) = postSolution
		SolutionGuid = {DEFF1281-75E4-4B96-BE38-74EAD0638E08}
	EndGlobalSection
EndGlobal
